lockfileVersion: '6.0'

settings:
  autoInstallPeers: true
  excludeLinksFromLockfile: false

dependencies:
  tsx:
    specifier: ^4.20.5
    version: 4.20.5

devDependencies:
  '@types/node':
    specifier: ^20.11.24
    version: 20.19.13
  typescript:
    specifier: ^5.3.3
    version: 5.9.2

packages:

  /@esbuild/aix-ppc64@0.25.9:
    resolution: {integrity: sha1-vvljUfFlIAVclHq6KIAu7ePJ6ak=, tarball: http://registry.m.jd.com/@esbuild/aix-ppc64/download/@esbuild/aix-ppc64-0.25.9.tgz}
    engines: {node: '>=18'}
    requiresBuild: true
    dev: false
    optional: true

  /@esbuild/android-arm64@0.25.9:
    resolution: {integrity: sha1-0ucL59UaUpQlQiCR4Ny5A3TBVGw=, tarball: http://registry.m.jd.com/@esbuild/android-arm64/download/@esbuild/android-arm64-0.25.9.tgz}
    engines: {node: '>=18'}
    requiresBuild: true
    dev: false
    optional: true

  /@esbuild/android-arm@0.25.9:
    resolution: {integrity: sha1-0qdT/ipMc7eUN9C6FIDi12AJdBk=, tarball: http://registry.m.jd.com/@esbuild/android-arm/download/@esbuild/android-arm-0.25.9.tgz}
    engines: {node: '>=18'}
    requiresBuild: true
    dev: false
    optional: true

  /@esbuild/android-x64@0.25.9:
    resolution: {integrity: sha1-UniDbjx651dhYmli+QKg1VNS5oM=, tarball: http://registry.m.jd.com/@esbuild/android-x64/download/@esbuild/android-x64-0.25.9.tgz}
    engines: {node: '>=18'}
    requiresBuild: true
    dev: false
    optional: true

  /@esbuild/darwin-arm64@0.25.9:
    resolution: {integrity: sha1-8VE+r57I+hXcr0w0Gw8AXT6LR64=, tarball: http://registry.m.jd.com/@esbuild/darwin-arm64/download/@esbuild/darwin-arm64-0.25.9.tgz}
    engines: {node: '>=18'}
    requiresBuild: true
    dev: false
    optional: true

  /@esbuild/darwin-x64@0.25.9:
    resolution: {integrity: sha1-4n28O1B7OhzqO5KAoEuLa3Jfgr4=, tarball: http://registry.m.jd.com/@esbuild/darwin-x64/download/@esbuild/darwin-x64-0.25.9.tgz}
    engines: {node: '>=18'}
    requiresBuild: true
    dev: false
    optional: true

  /@esbuild/freebsd-arm64@0.25.9:
    resolution: {integrity: sha1-Nk4+W3of1F2SvgjGzF2JDKdZCMo=, tarball: http://registry.m.jd.com/@esbuild/freebsd-arm64/download/@esbuild/freebsd-arm64-0.25.9.tgz}
    engines: {node: '>=18'}
    requiresBuild: true
    dev: false
    optional: true

  /@esbuild/freebsd-x64@0.25.9:
    resolution: {integrity: sha1-fIabRfrrPfZo4ZrOBzNaBxHsVqs=, tarball: http://registry.m.jd.com/@esbuild/freebsd-x64/download/@esbuild/freebsd-x64-0.25.9.tgz}
    engines: {node: '>=18'}
    requiresBuild: true
    dev: false
    optional: true

  /@esbuild/linux-arm64@0.25.9:
    resolution: {integrity: sha1-SNQoYXWMlAthq+pDupopsYbWy4s=, tarball: http://registry.m.jd.com/@esbuild/linux-arm64/download/@esbuild/linux-arm64-0.25.9.tgz}
    engines: {node: '>=18'}
    requiresBuild: true
    dev: false
    optional: true

  /@esbuild/linux-arm@0.25.9:
    resolution: {integrity: sha1-bOS5yr8UgnQQFwHREridxnzFLzc=, tarball: http://registry.m.jd.com/@esbuild/linux-arm/download/@esbuild/linux-arm-0.25.9.tgz}
    engines: {node: '>=18'}
    requiresBuild: true
    dev: false
    optional: true

  /@esbuild/linux-ia32@0.25.9:
    resolution: {integrity: sha1-IH5UiZt5ysnCbDI/wcqjLjFD8cQ=, tarball: http://registry.m.jd.com/@esbuild/linux-ia32/download/@esbuild/linux-ia32-0.25.9.tgz}
    engines: {node: '>=18'}
    requiresBuild: true
    dev: false
    optional: true

  /@esbuild/linux-loong64@0.25.9:
    resolution: {integrity: sha1-C6SKEnFZqPartYJ/IRmLmZ/9H8A=, tarball: http://registry.m.jd.com/@esbuild/linux-loong64/download/@esbuild/linux-loong64-0.25.9.tgz}
    engines: {node: '>=18'}
    requiresBuild: true
    dev: false
    optional: true

  /@esbuild/linux-mips64el@0.25.9:
    resolution: {integrity: sha1-pNTMaT0YX2amr96U93KzjOXWTrU=, tarball: http://registry.m.jd.com/@esbuild/linux-mips64el/download/@esbuild/linux-mips64el-0.25.9.tgz}
    engines: {node: '>=18'}
    requiresBuild: true
    dev: false
    optional: true

  /@esbuild/linux-ppc64@0.25.9:
    resolution: {integrity: sha1-D1gFwcbWQ1odr9wEPLB6GQUDV9s=, tarball: http://registry.m.jd.com/@esbuild/linux-ppc64/download/@esbuild/linux-ppc64-0.25.9.tgz}
    engines: {node: '>=18'}
    requiresBuild: true
    dev: false
    optional: true

  /@esbuild/linux-riscv64@0.25.9:
    resolution: {integrity: sha1-Z3bt7OD4/KefM4Y5i1GD/yqCdUc=, tarball: http://registry.m.jd.com/@esbuild/linux-riscv64/download/@esbuild/linux-riscv64-0.25.9.tgz}
    engines: {node: '>=18'}
    requiresBuild: true
    dev: false
    optional: true

  /@esbuild/linux-s390x@0.25.9:
    resolution: {integrity: sha1-P28p7wNpOER8IhjTCdyHUiWGGDA=, tarball: http://registry.m.jd.com/@esbuild/linux-s390x/download/@esbuild/linux-s390x-0.25.9.tgz}
    engines: {node: '>=18'}
    requiresBuild: true
    dev: false
    optional: true

  /@esbuild/linux-x64@0.25.9:
    resolution: {integrity: sha1-gx/gsOGoCouDkSJOojd9VSDhUn8=, tarball: http://registry.m.jd.com/@esbuild/linux-x64/download/@esbuild/linux-x64-0.25.9.tgz}
    engines: {node: '>=18'}
    requiresBuild: true
    dev: false
    optional: true

  /@esbuild/netbsd-arm64@0.25.9:
    resolution: {integrity: sha1-BvmdfuvgNfu+Q94BydfpjSoKpUg=, tarball: http://registry.m.jd.com/@esbuild/netbsd-arm64/download/@esbuild/netbsd-arm64-0.25.9.tgz}
    engines: {node: '>=18'}
    requiresBuild: true
    dev: false
    optional: true

  /@esbuild/netbsd-x64@0.25.9:
    resolution: {integrity: sha1-25mFjmvtbnORH5Kojk7dOoxCmlI=, tarball: http://registry.m.jd.com/@esbuild/netbsd-x64/download/@esbuild/netbsd-x64-0.25.9.tgz}
    engines: {node: '>=18'}
    requiresBuild: true
    dev: false
    optional: true

  /@esbuild/openbsd-arm64@0.25.9:
    resolution: {integrity: sha1-r7iGyGfjb52GuyHoeOEYX11aCTU=, tarball: http://registry.m.jd.com/@esbuild/openbsd-arm64/download/@esbuild/openbsd-arm64-0.25.9.tgz}
    engines: {node: '>=18'}
    requiresBuild: true
    dev: false
    optional: true

  /@esbuild/openbsd-x64@0.25.9:
    resolution: {integrity: sha1-MIVcn4OB+sag71tfMaxucQimbs8=, tarball: http://registry.m.jd.com/@esbuild/openbsd-x64/download/@esbuild/openbsd-x64-0.25.9.tgz}
    engines: {node: '>=18'}
    requiresBuild: true
    dev: false
    optional: true

  /@esbuild/openharmony-arm64@0.25.9:
    resolution: {integrity: sha1-LyFErzHmetwqjjcFwgwr2XvYgxQ=, tarball: http://registry.m.jd.com/@esbuild/openharmony-arm64/download/@esbuild/openharmony-arm64-0.25.9.tgz}
    engines: {node: '>=18'}
    requiresBuild: true
    dev: false
    optional: true

  /@esbuild/sunos-x64@0.25.9:
    resolution: {integrity: sha1-abmam1vSJsnrnGpz+ZD93Ul9cy4=, tarball: http://registry.m.jd.com/@esbuild/sunos-x64/download/@esbuild/sunos-x64-0.25.9.tgz}
    engines: {node: '>=18'}
    requiresBuild: true
    dev: false
    optional: true

  /@esbuild/win32-arm64@0.25.9:
    resolution: {integrity: sha1-14kzCnEq+RbIgyX0/+Rl+IVxnGs=, tarball: http://registry.m.jd.com/@esbuild/win32-arm64/download/@esbuild/win32-arm64-0.25.9.tgz}
    engines: {node: '>=18'}
    requiresBuild: true
    dev: false
    optional: true

  /@esbuild/win32-ia32@0.25.9:
    resolution: {integrity: sha1-UvxzVAa9SWiCU+dOToN6wroHieM=, tarball: http://registry.m.jd.com/@esbuild/win32-ia32/download/@esbuild/win32-ia32-0.25.9.tgz}
    engines: {node: '>=18'}
    requiresBuild: true
    dev: false
    optional: true

  /@esbuild/win32-x64@0.25.9:
    resolution: {integrity: sha1-WFYk3IKc+258CqbDyn1+baqH408=, tarball: http://registry.m.jd.com/@esbuild/win32-x64/download/@esbuild/win32-x64-0.25.9.tgz}
    engines: {node: '>=18'}
    requiresBuild: true
    dev: false
    optional: true

  /@types/node@20.19.13:
    resolution: {integrity: sha1-t5AEoFBo4o+y3igbOkTFyZNlDlk=, tarball: http://registry.m.jd.com/@types/node/download/@types/node-20.19.13.tgz}
    dependencies:
      undici-types: 6.21.0
    dev: true

  /esbuild@0.25.9:
    resolution: {integrity: sha1-FauOOa5s3GTCT/iiwK71s/2fqXY=, tarball: http://registry.m.jd.com/esbuild/download/esbuild-0.25.9.tgz}
    engines: {node: '>=18'}
    hasBin: true
    requiresBuild: true
    optionalDependencies:
      '@esbuild/aix-ppc64': 0.25.9
      '@esbuild/android-arm': 0.25.9
      '@esbuild/android-arm64': 0.25.9
      '@esbuild/android-x64': 0.25.9
      '@esbuild/darwin-arm64': 0.25.9
      '@esbuild/darwin-x64': 0.25.9
      '@esbuild/freebsd-arm64': 0.25.9
      '@esbuild/freebsd-x64': 0.25.9
      '@esbuild/linux-arm': 0.25.9
      '@esbuild/linux-arm64': 0.25.9
      '@esbuild/linux-ia32': 0.25.9
      '@esbuild/linux-loong64': 0.25.9
      '@esbuild/linux-mips64el': 0.25.9
      '@esbuild/linux-ppc64': 0.25.9
      '@esbuild/linux-riscv64': 0.25.9
      '@esbuild/linux-s390x': 0.25.9
      '@esbuild/linux-x64': 0.25.9
      '@esbuild/netbsd-arm64': 0.25.9
      '@esbuild/netbsd-x64': 0.25.9
      '@esbuild/openbsd-arm64': 0.25.9
      '@esbuild/openbsd-x64': 0.25.9
      '@esbuild/openharmony-arm64': 0.25.9
      '@esbuild/sunos-x64': 0.25.9
      '@esbuild/win32-arm64': 0.25.9
      '@esbuild/win32-ia32': 0.25.9
      '@esbuild/win32-x64': 0.25.9
    dev: false

  /fsevents@2.3.3:
    resolution: {integrity: sha1-ysZAd4XQNnWipeGlMFxpezR9kNY=, tarball: http://registry.m.jd.com/fsevents/download/fsevents-2.3.3.tgz}
    engines: {node: ^8.16.0 || ^10.6.0 || >=11.0.0}
    requiresBuild: true
    dev: false
    optional: true

  /get-tsconfig@4.10.1:
    resolution: {integrity: sha1-00wcAfR9ZaYGw3qnoXe8PlarSy4=, tarball: http://registry.m.jd.com/get-tsconfig/download/get-tsconfig-4.10.1.tgz}
    dependencies:
      resolve-pkg-maps: 1.0.0
    dev: false

  /resolve-pkg-maps@1.0.0:
    resolution: {integrity: sha1-YWs9wsVwVrVYjDHN9LPWTbEzcg8=, tarball: http://registry.m.jd.com/resolve-pkg-maps/download/resolve-pkg-maps-1.0.0.tgz}
    dev: false

  /tsx@4.20.5:
    resolution: {integrity: sha1-hWyLLxFMUKn0rhCBJpZ6Fn8kDcc=, tarball: http://registry.m.jd.com/tsx/download/tsx-4.20.5.tgz}
    engines: {node: '>=18.0.0'}
    hasBin: true
    dependencies:
      esbuild: 0.25.9
      get-tsconfig: 4.10.1
    optionalDependencies:
      fsevents: 2.3.3
    dev: false

  /typescript@5.9.2:
    resolution: {integrity: sha1-2TRQzd7FFUotXKvjuBArgzFvsqY=, tarball: http://registry.m.jd.com/typescript/download/typescript-5.9.2.tgz}
    engines: {node: '>=14.17'}
    hasBin: true
    dev: true

  /undici-types@6.21.0:
    resolution: {integrity: sha1-aR0ArzkJvpOn+qE75hs6W1DvEss=, tarball: http://registry.m.jd.com/undici-types/download/undici-types-6.21.0.tgz}
    dev: true
